
Microsoft Visual Studio Solution File, Format Version 12.00
# Visual Studio Version 17
VisualStudioVersion = 17.11.35431.28
MinimumVisualStudioVersion = 10.0.40219.1
Project("{FAE04EC0-301F-11D3-BF4B-00C04F79EFBC}") = "GN3BackEnd", "GN3BackEnd\GN3BackEnd.csproj", "{63F20E63-F00D-4AB6-8BD3-E944147F1107}"
EndProject
Global
	GlobalSection(SolutionConfigurationPlatforms) = preSolution
		Debug|Any CPU = Debug|Any CPU
		Release|Any CPU = Release|Any CPU
	EndGlobalSection
	GlobalSection(ProjectConfigurationPlatforms) = postSolution
		{63F20E63-F00D-4AB6-8BD3-E944147F1107}.Debug|Any CPU.ActiveCfg = Debug|Any CPU
		{63F20E63-F00D-4AB6-8BD3-E944147F1107}.Debug|Any CPU.Build.0 = Debug|Any CPU
		{63F20E63-F00D-4AB6-8BD3-E944147F1107}.Release|Any CPU.ActiveCfg = Release|Any CPU
		{63F20E63-F00D-4AB6-8BD3-E944147F1107}.Release|Any CPU.Build.0 = Release|Any CPU
	EndGlobalSection
	GlobalSection(SolutionProperties) = preSolution
		HideSolutionNode = FALSE
	EndGlobalSection
	GlobalSection(ExtensibilityGlobals) = postSolution
		SolutionGuid = {6DAD4855-B74B-46D1-8361-8A7ECEEF0310}
	EndGlobalSection
EndGlobal
